
Microsoft Visual Studio Solution File, Format Version 12.00
# Visual Studio 15
VisualStudioVersion = 15.0.28307.572
MinimumVisualStudioVersion = 10.0.40219.1
Project("{8BC9CEB8-8B4A-11D0-8D11-00A0C91BC942}") = "160621", "160621\160621.vcxproj", "{60E54B5D-79FC-403C-9CDC-923ECA108847}"
EndProject
Global
	GlobalSection(SolutionConfigurationPlatforms) = preSolution
		Debug|x64 = Debug|x64
		Debug|x86 = Debug|x86
		Release|x64 = Release|x64
		Release|x86 = Release|x86
	EndGlobalSection
	GlobalSection(ProjectConfigurationPlatforms) = postSolution
		{60E54B5D-79FC-403C-9CDC-923ECA108847}.Debug|x64.ActiveCfg = Debug|x64
		{60E54B5D-79FC-403C-9CDC-923ECA108847}.Debug|x64.Build.0 = Debug|x64
		{60E54B5D-79FC-403C-9CDC-923ECA108847}.Debug|x86.ActiveCfg = Debug|Win32
		{60E54B5D-79FC-403C-9CDC-923ECA108847}.Debug|x86.Build.0 = Debug|Win32
		{60E54B5D-79FC-403C-9CDC-923ECA108847}.Release|x64.ActiveCfg = Release|x64
		{60E54B5D-79FC-403C-9CDC-923ECA108847}.Release|x64.Build.0 = Release|x64
		{60E54B5D-79FC-403C-9CDC-923ECA108847}.Release|x86.ActiveCfg = Release|Win32
		{60E54B5D-79FC-403C-9CDC-923ECA108847}.Release|x86.Build.0 = Release|Win32
	EndGlobalSection
	GlobalSection(SolutionProperties) = preSolution
		HideSolutionNode = FALSE
	EndGlobalSection
	GlobalSection(ExtensibilityGlobals) = postSolution
		SolutionGuid = {07B5DB9B-1992-43FD-A69D-8BD05FC6CDCE}
	EndGlobalSection
EndGlobal
