
Microsoft Visual Studio Solution File, Format Version 12.00
# Visual Studio 15
VisualStudioVersion = 15.0.28307.572
MinimumVisualStudioVersion = 10.0.40219.1
Project("{8BC9CEB8-8B4A-11D0-8D11-00A0C91BC942}") = "190703", "190703\190703.vcxproj", "{EAAADEC7-B6DC-40AB-8662-C30C8E6541FD}"
EndProject
Global
	GlobalSection(SolutionConfigurationPlatforms) = preSolution
		Debug|x64 = Debug|x64
		Debug|x86 = Debug|x86
		Release|x64 = Release|x64
		Release|x86 = Release|x86
	EndGlobalSection
	GlobalSection(ProjectConfigurationPlatforms) = postSolution
		{EAAADEC7-B6DC-40AB-8662-C30C8E6541FD}.Debug|x64.ActiveCfg = Debug|x64
		{EAAADEC7-B6DC-40AB-8662-C30C8E6541FD}.Debug|x64.Build.0 = Debug|x64
		{EAAADEC7-B6DC-40AB-8662-C30C8E6541FD}.Debug|x86.ActiveCfg = Debug|Win32
		{EAAADEC7-B6DC-40AB-8662-C30C8E6541FD}.Debug|x86.Build.0 = Debug|Win32
		{EAAADEC7-B6DC-40AB-8662-C30C8E6541FD}.Release|x64.ActiveCfg = Release|x64
		{EAAADEC7-B6DC-40AB-8662-C30C8E6541FD}.Release|x64.Build.0 = Release|x64
		{EAAADEC7-B6DC-40AB-8662-C30C8E6541FD}.Release|x86.ActiveCfg = Release|Win32
		{EAAADEC7-B6DC-40AB-8662-C30C8E6541FD}.Release|x86.Build.0 = Release|Win32
	EndGlobalSection
	GlobalSection(SolutionProperties) = preSolution
		HideSolutionNode = FALSE
	EndGlobalSection
	GlobalSection(ExtensibilityGlobals) = postSolution
		SolutionGuid = {B42B94E1-C23B-437C-8D82-62049198C7E3}
	EndGlobalSection
EndGlobal
