
Microsoft Visual Studio Solution File, Format Version 12.00
# Visual Studio 15
VisualStudioVersion = 15.0.28307.572
MinimumVisualStudioVersion = 10.0.40219.1
Project("{8BC9CEB8-8B4A-11D0-8D11-00A0C91BC942}") = "190628", "190628\190628.vcxproj", "{88FD0A8A-2AD2-4433-ADBA-48FDB5DA4871}"
EndProject
Global
	GlobalSection(SolutionConfigurationPlatforms) = preSolution
		Debug|x64 = Debug|x64
		Debug|x86 = Debug|x86
		Release|x64 = Release|x64
		Release|x86 = Release|x86
	EndGlobalSection
	GlobalSection(ProjectConfigurationPlatforms) = postSolution
		{88FD0A8A-2AD2-4433-ADBA-48FDB5DA4871}.Debug|x64.ActiveCfg = Debug|x64
		{88FD0A8A-2AD2-4433-ADBA-48FDB5DA4871}.Debug|x64.Build.0 = Debug|x64
		{88FD0A8A-2AD2-4433-ADBA-48FDB5DA4871}.Debug|x86.ActiveCfg = Debug|Win32
		{88FD0A8A-2AD2-4433-ADBA-48FDB5DA4871}.Debug|x86.Build.0 = Debug|Win32
		{88FD0A8A-2AD2-4433-ADBA-48FDB5DA4871}.Release|x64.ActiveCfg = Release|x64
		{88FD0A8A-2AD2-4433-ADBA-48FDB5DA4871}.Release|x64.Build.0 = Release|x64
		{88FD0A8A-2AD2-4433-ADBA-48FDB5DA4871}.Release|x86.ActiveCfg = Release|Win32
		{88FD0A8A-2AD2-4433-ADBA-48FDB5DA4871}.Release|x86.Build.0 = Release|Win32
	EndGlobalSection
	GlobalSection(SolutionProperties) = preSolution
		HideSolutionNode = FALSE
	EndGlobalSection
	GlobalSection(ExtensibilityGlobals) = postSolution
		SolutionGuid = {83230B72-AB48-4DEF-B411-8EF05EFF19DE}
	EndGlobalSection
EndGlobal
