
Microsoft Visual Studio Solution File, Format Version 12.00
# Visual Studio 15
VisualStudioVersion = 15.0.28307.572
MinimumVisualStudioVersion = 10.0.40219.1
Project("{8BC9CEB8-8B4A-11D0-8D11-00A0C91BC942}") = "190624", "190624\190624.vcxproj", "{C823E578-0A4C-4CCD-B957-5E0683391D4E}"
EndProject
Global
	GlobalSection(SolutionConfigurationPlatforms) = preSolution
		Debug|x64 = Debug|x64
		Debug|x86 = Debug|x86
		Release|x64 = Release|x64
		Release|x86 = Release|x86
	EndGlobalSection
	GlobalSection(ProjectConfigurationPlatforms) = postSolution
		{C823E578-0A4C-4CCD-B957-5E0683391D4E}.Debug|x64.ActiveCfg = Debug|x64
		{C823E578-0A4C-4CCD-B957-5E0683391D4E}.Debug|x64.Build.0 = Debug|x64
		{C823E578-0A4C-4CCD-B957-5E0683391D4E}.Debug|x86.ActiveCfg = Debug|Win32
		{C823E578-0A4C-4CCD-B957-5E0683391D4E}.Debug|x86.Build.0 = Debug|Win32
		{C823E578-0A4C-4CCD-B957-5E0683391D4E}.Release|x64.ActiveCfg = Release|x64
		{C823E578-0A4C-4CCD-B957-5E0683391D4E}.Release|x64.Build.0 = Release|x64
		{C823E578-0A4C-4CCD-B957-5E0683391D4E}.Release|x86.ActiveCfg = Release|Win32
		{C823E578-0A4C-4CCD-B957-5E0683391D4E}.Release|x86.Build.0 = Release|Win32
	EndGlobalSection
	GlobalSection(SolutionProperties) = preSolution
		HideSolutionNode = FALSE
	EndGlobalSection
	GlobalSection(ExtensibilityGlobals) = postSolution
		SolutionGuid = {5B78BA1E-AF8D-422F-BE15-26BA7D37EE31}
	EndGlobalSection
EndGlobal
