
Microsoft Visual Studio Solution File, Format Version 12.00
# Visual Studio 15
VisualStudioVersion = 15.0.28307.572
MinimumVisualStudioVersion = 10.0.40219.1
Project("{8BC9CEB8-8B4A-11D0-8D11-00A0C91BC942}") = "190603", "190603\190603.vcxproj", "{7FAFB0AB-6B74-4826-ABC2-3C0D85B8EDD7}"
EndProject
Global
	GlobalSection(SolutionConfigurationPlatforms) = preSolution
		Debug|x64 = Debug|x64
		Debug|x86 = Debug|x86
		Release|x64 = Release|x64
		Release|x86 = Release|x86
	EndGlobalSection
	GlobalSection(ProjectConfigurationPlatforms) = postSolution
		{7FAFB0AB-6B74-4826-ABC2-3C0D85B8EDD7}.Debug|x64.ActiveCfg = Debug|x64
		{7FAFB0AB-6B74-4826-ABC2-3C0D85B8EDD7}.Debug|x64.Build.0 = Debug|x64
		{7FAFB0AB-6B74-4826-ABC2-3C0D85B8EDD7}.Debug|x86.ActiveCfg = Debug|Win32
		{7FAFB0AB-6B74-4826-ABC2-3C0D85B8EDD7}.Debug|x86.Build.0 = Debug|Win32
		{7FAFB0AB-6B74-4826-ABC2-3C0D85B8EDD7}.Release|x64.ActiveCfg = Release|x64
		{7FAFB0AB-6B74-4826-ABC2-3C0D85B8EDD7}.Release|x64.Build.0 = Release|x64
		{7FAFB0AB-6B74-4826-ABC2-3C0D85B8EDD7}.Release|x86.ActiveCfg = Release|Win32
		{7FAFB0AB-6B74-4826-ABC2-3C0D85B8EDD7}.Release|x86.Build.0 = Release|Win32
	EndGlobalSection
	GlobalSection(SolutionProperties) = preSolution
		HideSolutionNode = FALSE
	EndGlobalSection
	GlobalSection(ExtensibilityGlobals) = postSolution
		SolutionGuid = {B6AF3A33-1CA2-4B74-A541-C32CDC3E2E06}
	EndGlobalSection
EndGlobal
