
Microsoft Visual Studio Solution File, Format Version 12.00
# Visual Studio 15
VisualStudioVersion = 15.0.27130.2027
MinimumVisualStudioVersion = 10.0.40219.1
Project("{8BC9CEB8-8B4A-11D0-8D11-00A0C91BC942}") = "2018.04.19", "2018.04.19\2018.04.19.vcxproj", "{FA0136C8-3E57-4BE2-86BC-413C6D7A475A}"
EndProject
Global
	GlobalSection(SolutionConfigurationPlatforms) = preSolution
		Debug|x64 = Debug|x64
		Debug|x86 = Debug|x86
		Release|x64 = Release|x64
		Release|x86 = Release|x86
	EndGlobalSection
	GlobalSection(ProjectConfigurationPlatforms) = postSolution
		{FA0136C8-3E57-4BE2-86BC-413C6D7A475A}.Debug|x64.ActiveCfg = Debug|x64
		{FA0136C8-3E57-4BE2-86BC-413C6D7A475A}.Debug|x64.Build.0 = Debug|x64
		{FA0136C8-3E57-4BE2-86BC-413C6D7A475A}.Debug|x86.ActiveCfg = Debug|Win32
		{FA0136C8-3E57-4BE2-86BC-413C6D7A475A}.Debug|x86.Build.0 = Debug|Win32
		{FA0136C8-3E57-4BE2-86BC-413C6D7A475A}.Release|x64.ActiveCfg = Release|x64
		{FA0136C8-3E57-4BE2-86BC-413C6D7A475A}.Release|x64.Build.0 = Release|x64
		{FA0136C8-3E57-4BE2-86BC-413C6D7A475A}.Release|x86.ActiveCfg = Release|Win32
		{FA0136C8-3E57-4BE2-86BC-413C6D7A475A}.Release|x86.Build.0 = Release|Win32
	EndGlobalSection
	GlobalSection(SolutionProperties) = preSolution
		HideSolutionNode = FALSE
	EndGlobalSection
	GlobalSection(ExtensibilityGlobals) = postSolution
		SolutionGuid = {2D596867-19F3-49F7-B65A-5A58A5A4C813}
	EndGlobalSection
EndGlobal
