
Microsoft Visual Studio Solution File, Format Version 12.00
# Visual Studio 15
VisualStudioVersion = 15.0.27130.2027
MinimumVisualStudioVersion = 10.0.40219.1
Project("{8BC9CEB8-8B4A-11D0-8D11-00A0C91BC942}") = "2018.04.17", "2018.04.17\2018.04.17.vcxproj", "{2DEFB8E1-81CE-4888-8F9B-41085FD5F3EB}"
EndProject
Global
	GlobalSection(SolutionConfigurationPlatforms) = preSolution
		Debug|x64 = Debug|x64
		Debug|x86 = Debug|x86
		Release|x64 = Release|x64
		Release|x86 = Release|x86
	EndGlobalSection
	GlobalSection(ProjectConfigurationPlatforms) = postSolution
		{2DEFB8E1-81CE-4888-8F9B-41085FD5F3EB}.Debug|x64.ActiveCfg = Debug|x64
		{2DEFB8E1-81CE-4888-8F9B-41085FD5F3EB}.Debug|x64.Build.0 = Debug|x64
		{2DEFB8E1-81CE-4888-8F9B-41085FD5F3EB}.Debug|x86.ActiveCfg = Debug|Win32
		{2DEFB8E1-81CE-4888-8F9B-41085FD5F3EB}.Debug|x86.Build.0 = Debug|Win32
		{2DEFB8E1-81CE-4888-8F9B-41085FD5F3EB}.Release|x64.ActiveCfg = Release|x64
		{2DEFB8E1-81CE-4888-8F9B-41085FD5F3EB}.Release|x64.Build.0 = Release|x64
		{2DEFB8E1-81CE-4888-8F9B-41085FD5F3EB}.Release|x86.ActiveCfg = Release|Win32
		{2DEFB8E1-81CE-4888-8F9B-41085FD5F3EB}.Release|x86.Build.0 = Release|Win32
	EndGlobalSection
	GlobalSection(SolutionProperties) = preSolution
		HideSolutionNode = FALSE
	EndGlobalSection
	GlobalSection(ExtensibilityGlobals) = postSolution
		SolutionGuid = {9A499533-C0B7-450E-8E84-E298954AAE2E}
	EndGlobalSection
EndGlobal
